
Microsoft Visual Studio Solution File, Format Version 12.00
# Visual Studio Version 17
VisualStudioVersion = 17.0.31919.166
MinimumVisualStudioVersion = 10.0.40219.1
Project("{FAE04EC0-301F-11D3-BF4B-00C04F79EFBC}") = "PositiveNegativeZeroProgram", "PositiveNegativeZeroProgram\PositiveNegativeZeroProgram.csproj", "{3799CF2D-69F5-4365-A4F0-4A0C6DD7F0B3}"
EndProject
Global
	GlobalSection(SolutionConfigurationPlatforms) = preSolution
		Debug|Any CPU = Debug|Any CPU
		Release|Any CPU = Release|Any CPU
	EndGlobalSection
	GlobalSection(ProjectConfigurationPlatforms) = postSolution
		{3799CF2D-69F5-4365-A4F0-4A0C6DD7F0B3}.Debug|Any CPU.ActiveCfg = Debug|Any CPU
		{3799CF2D-69F5-4365-A4F0-4A0C6DD7F0B3}.Debug|Any CPU.Build.0 = Debug|Any CPU
		{3799CF2D-69F5-4365-A4F0-4A0C6DD7F0B3}.Release|Any CPU.ActiveCfg = Release|Any CPU
		{3799CF2D-69F5-4365-A4F0-4A0C6DD7F0B3}.Release|Any CPU.Build.0 = Release|Any CPU
	EndGlobalSection
	GlobalSection(SolutionProperties) = preSolution
		HideSolutionNode = FALSE
	EndGlobalSection
	GlobalSection(ExtensibilityGlobals) = postSolution
		SolutionGuid = {6348862D-3C1E-475E-AE8D-B5B14740DD13}
	EndGlobalSection
EndGlobal
